// !$*UTF8*$!
{
	archiveVersion = 1;
	classes = {
	};
	objectVersion = 55;
	objects = {

/* Begin PBXBuildFile section */
		0C01272428F7C5BE0010D33A /* AppDelegate.swift in Sources */ = {isa = PBXBuildFile; fileRef = 0C01272328F7C5BE0010D33A /* AppDelegate.swift */; };
		0C01272628F7C5BE0010D33A /* SceneDelegate.swift in Sources */ = {isa = PBXBuildFile; fileRef = 0C01272528F7C5BE0010D33A /* SceneDelegate.swift */; };
		0C01272828F7C5BE0010D33A /* ViewController.swift in Sources */ = {isa = PBXBuildFile; fileRef = 0C01272728F7C5BE0010D33A /* ViewController.swift */; };
		0C01272B28F7C5BE0010D33A /* Main.storyboard in Resources */ = {isa = PBXBuildFile; fileRef = 0C01272928F7C5BE0010D33A /* Main.storyboard */; };
		0C01272D28F7C5C20010D33A /* Assets.xcassets in Resources */ = {isa = PBXBuildFile; fileRef = 0C01272C28F7C5C20010D33A /* Assets.xcassets */; };
		0C01273028F7C5C20010D33A /* LaunchScreen.storyboard in Resources */ = {isa = PBXBuildFile; fileRef = 0C01272E28F7C5C20010D33A /* LaunchScreen.storyboard */; };
		0C01273C28F7D0010010D33A /* kitten.jpeg in Resources */ = {isa = PBXBuildFile; fileRef = 0C01273B28F7D0010010D33A /* kitten.jpeg */; };
		0C01273E28F7D00A0010D33A /* kitten2.jpeg in Resources */ = {isa = PBXBuildFile; fileRef = 0C01273D28F7D00A0010D33A /* kitten2.jpeg */; };
		0C01274028F7D1D60010D33A /* jimin.jpeg in Resources */ = {isa = PBXBuildFile; fileRef = 0C01273F28F7D1D60010D33A /* jimin.jpeg */; };
		0C01274628F7D8090010D33A /* sampleViewController.swift in Sources */ = {isa = PBXBuildFile; fileRef = 0C01274528F7D8090010D33A /* sampleViewController.swift */; };
		0C01274828F7D8520010D33A /* ThirdViewController.swift in Sources */ = {isa = PBXBuildFile; fileRef = 0C01274728F7D8520010D33A /* ThirdViewController.swift */; };
/* End PBXBuildFile section */

/* Begin PBXFileReference section */
		0C01272028F7C5BE0010D33A /* segue.app */ = {isa = PBXFileReference; explicitFileType = wrapper.application; includeInIndex = 0; path = segue.app; sourceTree = BUILT_PRODUCTS_DIR; };
		0C01272328F7C5BE0010D33A /* AppDelegate.swift */ = {isa = PBXFileReference; lastKnownFileType = sourcecode.swift; path = AppDelegate.swift; sourceTree = "<group>"; };
		0C01272528F7C5BE0010D33A /* SceneDelegate.swift */ = {isa = PBXFileReference; lastKnownFileType = sourcecode.swift; path = SceneDelegate.swift; sourceTree = "<group>"; };
		0C01272728F7C5BE0010D33A /* ViewController.swift */ = {isa = PBXFileReference; lastKnownFileType = sourcecode.swift; path = ViewController.swift; sourceTree = "<group>"; };
		0C01272A28F7C5BE0010D33A /* Base */ = {isa = PBXFileReference; lastKnownFileType = file.storyboard; name = Base; path = Base.lproj/Main.storyboard; sourceTree = "<group>"; };
		0C01272C28F7C5C20010D33A /* Assets.xcassets */ = {isa = PBXFileReference; lastKnownFileType = folder.assetcatalog; path = Assets.xcassets; sourceTree = "<group>"; };
		0C01272F28F7C5C20010D33A /* Base */ = {isa = PBXFileReference; lastKnownFileType = file.storyboard; name = Base; path = Base.lproj/LaunchScreen.storyboard; sourceTree = "<group>"; };
		0C01273128F7C5C20010D33A /* Info.plist */ = {isa = PBXFileReference; lastKnownFileType = text.plist.xml; path = Info.plist; sourceTree = "<group>"; };
		0C01273B28F7D0010010D33A /* kitten.jpeg */ = {isa = PBXFileReference; lastKnownFileType = image.jpeg; path = kitten.jpeg; sourceTree = "<group>"; };
		0C01273D28F7D00A0010D33A /* kitten2.jpeg */ = {isa = PBXFileReference; lastKnownFileType = image.jpeg; path = kitten2.jpeg; sourceTree = "<group>"; };
		0C01273F28F7D1D60010D33A /* jimin.jpeg */ = {isa = PBXFileReference; lastKnownFileType = image.jpeg; path = jimin.jpeg; sourceTree = "<group>"; };
		0C01274528F7D8090010D33A /* sampleViewController.swift */ = {isa = PBXFileReference; lastKnownFileType = sourcecode.swift; path = sampleViewController.swift; sourceTree = "<group>"; };
		0C01274728F7D8520010D33A /* ThirdViewController.swift */ = {isa = PBXFileReference; lastKnownFileType = sourcecode.swift; path = ThirdViewController.swift; sourceTree = "<group>"; };
/* End PBXFileReference section */

/* Begin PBXFrameworksBuildPhase section */
		0C01271D28F7C5BE0010D33A /* Frameworks */ = {
			isa = PBXFrameworksBuildPhase;
			buildActionMask = 2147483647;
			files = (
			);
			runOnlyForDeploymentPostprocessing = 0;
		};
/* End PBXFrameworksBuildPhase section */

/* Begin PBXGroup section */
		0C01271728F7C5BE0010D33A = {
			isa = PBXGroup;
			children = (
				0C01272228F7C5BE0010D33A /* segue */,
				0C01272128F7C5BE0010D33A /* Products */,
			);
			sourceTree = "<group>";
		};
		0C01272128F7C5BE0010D33A /* Products */ = {
			isa = PBXGroup;
			children = (
				0C01272028F7C5BE0010D33A /* segue.app */,
			);
			name = Products;
			sourceTree = "<group>";
		};
		0C01272228F7C5BE0010D33A /* segue */ = {
			isa = PBXGroup;
			children = (
				0C01272328F7C5BE0010D33A /* AppDelegate.swift */,
				0C01272528F7C5BE0010D33A /* SceneDelegate.swift */,
				0C01272728F7C5BE0010D33A /* ViewController.swift */,
				0C01274528F7D8090010D33A /* sampleViewController.swift */,
				0C01274728F7D8520010D33A /* ThirdViewController.swift */,
				0C01272928F7C5BE0010D33A /* Main.storyboard */,
				0C01272C28F7C5C20010D33A /* Assets.xcassets */,
				0C01273F28F7D1D60010D33A /* jimin.jpeg */,
				0C01273D28F7D00A0010D33A /* kitten2.jpeg */,
				0C01273B28F7D0010010D33A /* kitten.jpeg */,
				0C01272E28F7C5C20010D33A /* LaunchScreen.storyboard */,
				0C01273128F7C5C20010D33A /* Info.plist */,
			);
			path = segue;
			sourceTree = "<group>";
		};
/* End PBXGroup section */

/* Begin PBXNativeTarget section */
		0C01271F28F7C5BE0010D33A /* segue */ = {
			isa = PBXNativeTarget;
			buildConfigurationList = 0C01273428F7C5C20010D33A /* Build configuration list for PBXNativeTarget "segue" */;
			buildPhases = (
				0C01271C28F7C5BE0010D33A /* Sources */,
				0C01271D28F7C5BE0010D33A /* Frameworks */,
				0C01271E28F7C5BE0010D33A /* Resources */,
			);
			buildRules = (
			);
			dependencies = (
			);
			name = segue;
			productName = segue;
			productReference = 0C01272028F7C5BE0010D33A /* segue.app */;
			productType = "com.apple.product-type.application";
		};
/* End PBXNativeTarget section */

/* Begin PBXProject section */
		0C01271828F7C5BE0010D33A /* Project object */ = {
			isa = PBXProject;
			attributes = {
				BuildIndependentTargetsInParallel = 1;
				LastSwiftUpdateCheck = 1340;
				LastUpgradeCheck = 1340;
				TargetAttributes = {
					0C01271F28F7C5BE0010D33A = {
						CreatedOnToolsVersion = 13.4.1;
					};
				};
			};
			buildConfigurationList = 0C01271B28F7C5BE0010D33A /* Build configuration list for PBXProject "segue" */;
			compatibilityVersion = "Xcode 13.0";
			developmentRegion = en;
			hasScannedForEncodings = 0;
			knownRegions = (
				en,
				Base,
			);
			mainGroup = 0C01271728F7C5BE0010D33A;
			productRefGroup = 0C01272128F7C5BE0010D33A /* Products */;
			projectDirPath = "";
			projectRoot = "";
			targets = (
				0C01271F28F7C5BE0010D33A /* segue */,
			);
		};
/* End PBXProject section */

/* Begin PBXResourcesBuildPhase section */
		0C01271E28F7C5BE0010D33A /* Resources */ = {
			isa = PBXResourcesBuildPhase;
			buildActionMask = 2147483647;
			files = (
				0C01273028F7C5C20010D33A /* LaunchScreen.storyboard in Resources */,
				0C01272D28F7C5C20010D33A /* Assets.xcassets in Resources */,
				0C01273C28F7D0010010D33A /* kitten.jpeg in Resources */,
				0C01274028F7D1D60010D33A /* jimin.jpeg in Resources */,
				0C01273E28F7D00A0010D33A /* kitten2.jpeg in Resources */,
				0C01272B28F7C5BE0010D33A /* Main.storyboard in Resources */,
			);
			runOnlyForDeploymentPostprocessing = 0;
		};
/* End PBXResourcesBuildPhase section */

/* Begin PBXSourcesBuildPhase section */
		0C01271C28F7C5BE0010D33A /* Sources */ = {
			isa = PBXSourcesBuildPhase;
			buildActionMask = 2147483647;
			files = (
				0C01272828F7C5BE0010D33A /* ViewController.swift in Sources */,
				0C01274628F7D8090010D33A /* sampleViewController.swift in Sources */,
				0C01274828F7D8520010D33A /* ThirdViewController.swift in Sources */,
				0C01272428F7C5BE0010D33A /* AppDelegate.swift in Sources */,
				0C01272628F7C5BE0010D33A /* SceneDelegate.swift in Sources */,
			);
			runOnlyForDeploymentPostprocessing = 0;
		};
/* End PBXSourcesBuildPhase section */

/* Begin PBXVariantGroup section */
		0C01272928F7C5BE0010D33A /* Main.storyboard */ = {
			isa = PBXVariantGroup;
			children = (
				0C01272A28F7C5BE0010D33A /* Base */,
			);
			name = Main.storyboard;
			sourceTree = "<group>";
		};
		0C01272E28F7C5C20010D33A /* LaunchScreen.storyboard */ = {
			isa = PBXVariantGroup;
			children = (
				0C01272F28F7C5C20010D33A /* Base */,
			);
			name = LaunchScreen.storyboard;
			sourceTree = "<group>";
		};
/* End PBXVariantGroup section */

/* Begin XCBuildConfiguration section */
		0C01273228F7C5C20010D33A /* Debug */ = {
			isa = XCBuildConfiguration;
			buildSettings = {
				ALWAYS_SEARCH_USER_PATHS = NO;
				CLANG_ANALYZER_NONNULL = YES;
				CLANG_ANALYZER_NUMBER_OBJECT_CONVERSION = YES_AGGRESSIVE;
				CLANG_CXX_LANGUAGE_STANDARD = "gnu++17";
				CLANG_ENABLE_MODULES = YES;
				CLANG_ENABLE_OBJC_ARC = YES;
				CLANG_ENABLE_OBJC_WEAK = YES;
				CLANG_WARN_BLOCK_CAPTURE_AUTORELEASING = YES;
				CLANG_WARN_BOOL_CONVERSION = YES;
				CLANG_WARN_COMMA = YES;
				CLANG_WARN_CONSTANT_CONVERSION = YES;
				CLANG_WARN_DEPRECATED_OBJC_IMPLEMENTATIONS = YES;
				CLANG_WARN_DIRECT_OBJC_ISA_USAGE = YES_ERROR;
				CLANG_WARN_DOCUMENTATION_COMMENTS = YES;
				CLANG_WARN_EMPTY_BODY = YES;
				CLANG_WARN_ENUM_CONVERSION = YES;
				CLANG_WARN_INFINITE_RECURSION = YES;
				CLANG_WARN_INT_CONVERSION = YES;
				CLANG_WARN_NON_LITERAL_NULL_CONVERSION = YES;
				CLANG_WARN_OBJC_IMPLICIT_RETAIN_SELF = YES;
				CLANG_WARN_OBJC_LITERAL_CONVERSION = YES;
				CLANG_WARN_OBJC_ROOT_CLASS = YES_ERROR;
				CLANG_WARN_QUOTED_INCLUDE_IN_FRAMEWORK_HEADER = YES;
				CLANG_WARN_RANGE_LOOP_ANALYSIS = YES;
				CLANG_WARN_STRICT_PROTOTYPES = YES;
				CLANG_WARN_SUSPICIOUS_MOVE = YES;
				CLANG_WARN_UNGUARDED_AVAILABILITY = YES_AGGRESSIVE;
				CLANG_WARN_UNREACHABLE_CODE = YES;
				CLANG_WARN__DUPLICATE_METHOD_MATCH = YES;
				COPY_PHASE_STRIP = NO;
				DEBUG_INFORMATION_FORMAT = dwarf;
				ENABLE_STRICT_OBJC_MSGSEND = YES;
				ENABLE_TESTABILITY = YES;
				GCC_C_LANGUAGE_STANDARD = gnu11;
				GCC_DYNAMIC_NO_PIC = NO;
				GCC_NO_COMMON_BLOCKS = YES;
				GCC_OPTIMIZATION_LEVEL = 0;
				GCC_PREPROCESSOR_DEFINITIONS = (
					"DEBUG=1",
					"$(inherited)",
				);
				GCC_WARN_64_TO_32_BIT_CONVERSION = YES;
				GCC_WARN_ABOUT_RETURN_TYPE = YES_ERROR;
				GCC_WARN_UNDECLARED_SELECTOR = YES;
				GCC_WARN_UNINITIALIZED_AUTOS = YES_AGGRESSIVE;
				GCC_WARN_UNUSED_FUNCTION = YES;
				GCC_WARN_UNUSED_VARIABLE = YES;
				IPHONEOS_DEPLOYMENT_TARGET = 15.5;
				MTL_ENABLE_DEBUG_INFO = INCLUDE_SOURCE;
				MTL_FAST_MATH = YES;
				ONLY_ACTIVE_ARCH = YES;
				SDKROOT = iphoneos;
				SWIFT_ACTIVE_COMPILATION_CONDITIONS = DEBUG;
				SWIFT_OPTIMIZATION_LEVEL = "-Onone";
			};
			name = Debug;
		};
		0C01273328F7C5C20010D33A /* Release */ = {
			isa = XCBuildConfiguration;
			buildSettings = {
				ALWAYS_SEARCH_USER_PATHS = NO;
				CLANG_ANALYZER_NONNULL = YES;
				CLANG_ANALYZER_NUMBER_OBJECT_CONVERSION = YES_AGGRESSIVE;
				CLANG_CXX_LANGUAGE_STANDARD = "gnu++17";
				CLANG_ENABLE_MODULES = YES;
				CLANG_ENABLE_OBJC_ARC = YES;
				CLANG_ENABLE_OBJC_WEAK = YES;
				CLANG_WARN_BLOCK_CAPTURE_AUTORELEASING = YES;
				CLANG_WARN_BOOL_CONVERSION = YES;
				CLANG_WARN_COMMA = YES;
				CLANG_WARN_CONSTANT_CONVERSION = YES;
				CLANG_WARN_DEPRECATED_OBJC_IMPLEMENTATIONS = YES;
				CLANG_WARN_DIRECT_OBJC_ISA_USAGE = YES_ERROR;
				CLANG_WARN_DOCUMENTATION_COMMENTS = YES;
				CLANG_WARN_EMPTY_BODY = YES;
				CLANG_WARN_ENUM_CONVERSION = YES;
				CLANG_WARN_INFINITE_RECURSION = YES;
				CLANG_WARN_INT_CONVERSION = YES;
				CLANG_WARN_NON_LITERAL_NULL_CONVERSION = YES;
				CLANG_WARN_OBJC_IMPLICIT_RETAIN_SELF = YES;
				CLANG_WARN_OBJC_LITERAL_CONVERSION = YES;
				CLANG_WARN_OBJC_ROOT_CLASS = YES_ERROR;
				CLANG_WARN_QUOTED_INCLUDE_IN_FRAMEWORK_HEADER = YES;
				CLANG_WARN_RANGE_LOOP_ANALYSIS = YES;
				CLANG_WARN_STRICT_PROTOTYPES = YES;
				CLANG_WARN_SUSPICIOUS_MOVE = YES;
				CLANG_WARN_UNGUARDED_AVAILABILITY = YES_AGGRESSIVE;
				CLANG_WARN_UNREACHABLE_CODE = YES;
				CLANG_WARN__DUPLICATE_METHOD_MATCH = YES;
				COPY_PHASE_STRIP = NO;
				DEBUG_INFORMATION_FORMAT = "dwarf-with-dsym";
				ENABLE_NS_ASSERTIONS = NO;
				ENABLE_STRICT_OBJC_MSGSEND = YES;
				GCC_C_LANGUAGE_STANDARD = gnu11;
				GCC_NO_COMMON_BLOCKS = YES;
				GCC_WARN_64_TO_32_BIT_CONVERSION = YES;
				GCC_WARN_ABOUT_RETURN_TYPE = YES_ERROR;
				GCC_WARN_UNDECLARED_SELECTOR = YES;
				GCC_WARN_UNINITIALIZED_AUTOS = YES_AGGRESSIVE;
				GCC_WARN_UNUSED_FUNCTION = YES;
				GCC_WARN_UNUSED_VARIABLE = YES;
				IPHONEOS_DEPLOYMENT_TARGET = 15.5;
				MTL_ENABLE_DEBUG_INFO = NO;
				MTL_FAST_MATH = YES;
				SDKROOT = iphoneos;
				SWIFT_COMPILATION_MODE = wholemodule;
				SWIFT_OPTIMIZATION_LEVEL = "-O";
				VALIDATE_PRODUCT = YES;
			};
			name = Release;
		};
		0C01273528F7C5C20010D33A /* Debug */ = {
			isa = XCBuildConfiguration;
			buildSettings = {
				ASSETCATALOG_COMPILER_APPICON_NAME = AppIcon;
				ASSETCATALOG_COMPILER_GLOBAL_ACCENT_COLOR_NAME = AccentColor;
				CODE_SIGN_STYLE = Automatic;
				CURRENT_PROJECT_VERSION = 1;
				GENERATE_INFOPLIST_FILE = YES;
				INFOPLIST_FILE = segue/Info.plist;
				INFOPLIST_KEY_UIApplicationSupportsIndirectInputEvents = YES;
				INFOPLIST_KEY_UILaunchStoryboardName = LaunchScreen;
				INFOPLIST_KEY_UIMainStoryboardFile = Main;
				INFOPLIST_KEY_UISupportedInterfaceOrientations_iPad = "UIInterfaceOrientationPortrait UIInterfaceOrientationPortraitUpsideDown UIInterfaceOrientationLandscapeLeft UIInterfaceOrientationLandscapeRight";
				INFOPLIST_KEY_UISupportedInterfaceOrientations_iPhone = "UIInterfaceOrientationPortrait UIInterfaceOrientationLandscapeLeft UIInterfaceOrientationLandscapeRight";
				LD_RUNPATH_SEARCH_PATHS = (
					"$(inherited)",
					"@executable_path/Frameworks",
				);
				MARKETING_VERSION = 1.0;
				PRODUCT_BUNDLE_IDENTIFIER = edu.msrit.segue;
				PRODUCT_NAME = "$(TARGET_NAME)";
				SWIFT_EMIT_LOC_STRINGS = YES;
				SWIFT_VERSION = 5.0;
				TARGETED_DEVICE_FAMILY = "1,2";
			};
			name = Debug;
		};
		0C01273628F7C5C20010D33A /* Release */ = {
			isa = XCBuildConfiguration;
			buildSettings = {
				ASSETCATALOG_COMPILER_APPICON_NAME = AppIcon;
				ASSETCATALOG_COMPILER_GLOBAL_ACCENT_COLOR_NAME = AccentColor;
				CODE_SIGN_STYLE = Automatic;
				CURRENT_PROJECT_VERSION = 1;
				GENERATE_INFOPLIST_FILE = YES;
				INFOPLIST_FILE = segue/Info.plist;
				INFOPLIST_KEY_UIApplicationSupportsIndirectInputEvents = YES;
				INFOPLIST_KEY_UILaunchStoryboardName = LaunchScreen;
				INFOPLIST_KEY_UIMainStoryboardFile = Main;
				INFOPLIST_KEY_UISupportedInterfaceOrientations_iPad = "UIInterfaceOrientationPortrait UIInterfaceOrientationPortraitUpsideDown UIInterfaceOrientationLandscapeLeft UIInterfaceOrientationLandscapeRight";
				INFOPLIST_KEY_UISupportedInterfaceOrientations_iPhone = "UIInterfaceOrientationPortrait UIInterfaceOrientationLandscapeLeft UIInterfaceOrientationLandscapeRight";
				LD_RUNPATH_SEARCH_PATHS = (
					"$(inherited)",
					"@executable_path/Frameworks",
				);
				MARKETING_VERSION = 1.0;
				PRODUCT_BUNDLE_IDENTIFIER = edu.msrit.segue;
				PRODUCT_NAME = "$(TARGET_NAME)";
				SWIFT_EMIT_LOC_STRINGS = YES;
				SWIFT_VERSION = 5.0;
				TARGETED_DEVICE_FAMILY = "1,2";
			};
			name = Release;
		};
/* End XCBuildConfiguration section */

/* Begin XCConfigurationList section */
		0C01271B28F7C5BE0010D33A /* Build configuration list for PBXProject "segue" */ = {
			isa = XCConfigurationList;
			buildConfigurations = (
				0C01273228F7C5C20010D33A /* Debug */,
				0C01273328F7C5C20010D33A /* Release */,
			);
			defaultConfigurationIsVisible = 0;
			defaultConfigurationName = Release;
		};
		0C01273428F7C5C20010D33A /* Build configuration list for PBXNativeTarget "segue" */ = {
			isa = XCConfigurationList;
			buildConfigurations = (
				0C01273528F7C5C20010D33A /* Debug */,
				0C01273628F7C5C20010D33A /* Release */,
			);
			defaultConfigurationIsVisible = 0;
			defaultConfigurationName = Release;
		};
/* End XCConfigurationList section */
	};
	rootObject = 0C01271828F7C5BE0010D33A /* Project object */;
}
